
Microsoft Visual Studio Solution File, Format Version 12.00
# Visual Studio Version 17
VisualStudioVersion = 17.14.36301.6
MinimumVisualStudioVersion = 10.0.40219.1
Project("{FAE04EC0-301F-11D3-BF4B-00C04F79EFBC}") = "VistaMenu", "VistaMenu\Control\VistaMenu.csproj", "{7C2CCE0A-A288-4869-A7B7-CC0D18AF3B8C}"
EndProject
Project("{F184B08F-C81C-45F6-A57F-5ABD9991F28F}") = "FileTreeView", "FileTreeView\FileTreeView.vbproj", "{9556DDBD-C035-4265-BAB1-BFBE9C2814CB}"
EndProject
Project("{F184B08F-C81C-45F6-A57F-5ABD9991F28F}") = "ClassLibrary1", "ClassLibrary1\ClassLibrary1.vbproj", "{E397FFF4-2D7C-4BD8-9D49-9E47C5144652}"
EndProject
Project("{F184B08F-C81C-45F6-A57F-5ABD9991F28F}") = "TestingGrounds", "TestingGrounds\TestingGrounds.vbproj", "{616D3B22-71C5-47ED-8C37-ACABEE58815B}"
EndProject
Project("{F184B08F-C81C-45F6-A57F-5ABD9991F28F}") = "BFDFD", "bfdfd\BFDFD.vbproj", "{0CB50AA0-F64C-49CA-883D-8C21C9915BAD}"
EndProject
Global
	GlobalSection(SolutionConfigurationPlatforms) = preSolution
		BuildZipRelease|Any CPU = BuildZipRelease|Any CPU
		Debug|Any CPU = Debug|Any CPU
		Release|Any CPU = Release|Any CPU
	EndGlobalSection
	GlobalSection(ProjectConfigurationPlatforms) = postSolution
		{7C2CCE0A-A288-4869-A7B7-CC0D18AF3B8C}.BuildZipRelease|Any CPU.ActiveCfg = BuildZipRelease|Any CPU
		{7C2CCE0A-A288-4869-A7B7-CC0D18AF3B8C}.BuildZipRelease|Any CPU.Build.0 = BuildZipRelease|Any CPU
		{7C2CCE0A-A288-4869-A7B7-CC0D18AF3B8C}.Debug|Any CPU.ActiveCfg = Debug|Any CPU
		{7C2CCE0A-A288-4869-A7B7-CC0D18AF3B8C}.Debug|Any CPU.Build.0 = Debug|Any CPU
		{7C2CCE0A-A288-4869-A7B7-CC0D18AF3B8C}.Release|Any CPU.ActiveCfg = Release|Any CPU
		{7C2CCE0A-A288-4869-A7B7-CC0D18AF3B8C}.Release|Any CPU.Build.0 = Release|Any CPU
		{9556DDBD-C035-4265-BAB1-BFBE9C2814CB}.BuildZipRelease|Any CPU.ActiveCfg = Release|Any CPU
		{9556DDBD-C035-4265-BAB1-BFBE9C2814CB}.BuildZipRelease|Any CPU.Build.0 = Release|Any CPU
		{9556DDBD-C035-4265-BAB1-BFBE9C2814CB}.Debug|Any CPU.ActiveCfg = Debug|Any CPU
		{9556DDBD-C035-4265-BAB1-BFBE9C2814CB}.Debug|Any CPU.Build.0 = Debug|Any CPU
		{9556DDBD-C035-4265-BAB1-BFBE9C2814CB}.Release|Any CPU.ActiveCfg = Release|Any CPU
		{9556DDBD-C035-4265-BAB1-BFBE9C2814CB}.Release|Any CPU.Build.0 = Release|Any CPU
		{E397FFF4-2D7C-4BD8-9D49-9E47C5144652}.BuildZipRelease|Any CPU.ActiveCfg = Release|Any CPU
		{E397FFF4-2D7C-4BD8-9D49-9E47C5144652}.BuildZipRelease|Any CPU.Build.0 = Release|Any CPU
		{E397FFF4-2D7C-4BD8-9D49-9E47C5144652}.Debug|Any CPU.ActiveCfg = Debug|Any CPU
		{E397FFF4-2D7C-4BD8-9D49-9E47C5144652}.Debug|Any CPU.Build.0 = Debug|Any CPU
		{E397FFF4-2D7C-4BD8-9D49-9E47C5144652}.Release|Any CPU.ActiveCfg = Release|Any CPU
		{E397FFF4-2D7C-4BD8-9D49-9E47C5144652}.Release|Any CPU.Build.0 = Release|Any CPU
		{616D3B22-71C5-47ED-8C37-ACABEE58815B}.BuildZipRelease|Any CPU.ActiveCfg = Release|Any CPU
		{616D3B22-71C5-47ED-8C37-ACABEE58815B}.BuildZipRelease|Any CPU.Build.0 = Release|Any CPU
		{616D3B22-71C5-47ED-8C37-ACABEE58815B}.Debug|Any CPU.ActiveCfg = Debug|Any CPU
		{616D3B22-71C5-47ED-8C37-ACABEE58815B}.Debug|Any CPU.Build.0 = Debug|Any CPU
		{616D3B22-71C5-47ED-8C37-ACABEE58815B}.Release|Any CPU.ActiveCfg = Release|Any CPU
		{616D3B22-71C5-47ED-8C37-ACABEE58815B}.Release|Any CPU.Build.0 = Release|Any CPU
		{0CB50AA0-F64C-49CA-883D-8C21C9915BAD}.BuildZipRelease|Any CPU.ActiveCfg = BuildZipRelease|Any CPU
		{0CB50AA0-F64C-49CA-883D-8C21C9915BAD}.BuildZipRelease|Any CPU.Build.0 = BuildZipRelease|Any CPU
		{0CB50AA0-F64C-49CA-883D-8C21C9915BAD}.Debug|Any CPU.ActiveCfg = Debug|Any CPU
		{0CB50AA0-F64C-49CA-883D-8C21C9915BAD}.Debug|Any CPU.Build.0 = Debug|Any CPU
		{0CB50AA0-F64C-49CA-883D-8C21C9915BAD}.Release|Any CPU.ActiveCfg = Release|Any CPU
		{0CB50AA0-F64C-49CA-883D-8C21C9915BAD}.Release|Any CPU.Build.0 = Release|Any CPU
	EndGlobalSection
	GlobalSection(SolutionProperties) = preSolution
		HideSolutionNode = FALSE
	EndGlobalSection
	GlobalSection(ExtensibilityGlobals) = postSolution
		SolutionGuid = {58067F67-4A82-46A5-84E7-453895DF6D28}
	EndGlobalSection
EndGlobal
